
Microsoft Visual Studio Solution File, Format Version 12.00
# Visual Studio Version 17
VisualStudioVersion = 17.1.32210.238
MinimumVisualStudioVersion = 10.0.40219.1
Project("{9A19103F-16F7-4668-BE54-9A1E7A4F7556}") = "Belajar2", "Belajar2.csproj", "{5E07BD77-D16F-49BA-8631-33CFF135DFE4}"
EndProject
Project("{9A19103F-16F7-4668-BE54-9A1E7A4F7556}") = "Library.PublishSubscribe2", "..\Library.PublishSubscribe2\Library.PublishSubscribe2.csproj", "{A9B89D27-A257-45FE-BD45-1C8C3165B0E2}"
EndProject
Global
	GlobalSection(SolutionConfigurationPlatforms) = preSolution
		Debug|Any CPU = Debug|Any CPU
		Release|Any CPU = Release|Any CPU
	EndGlobalSection
	GlobalSection(ProjectConfigurationPlatforms) = postSolution
		{5E07BD77-D16F-49BA-8631-33CFF135DFE4}.Debug|Any CPU.ActiveCfg = Debug|Any CPU
		{5E07BD77-D16F-49BA-8631-33CFF135DFE4}.Debug|Any CPU.Build.0 = Debug|Any CPU
		{5E07BD77-D16F-49BA-8631-33CFF135DFE4}.Release|Any CPU.ActiveCfg = Release|Any CPU
		{5E07BD77-D16F-49BA-8631-33CFF135DFE4}.Release|Any CPU.Build.0 = Release|Any CPU
		{A9B89D27-A257-45FE-BD45-1C8C3165B0E2}.Debug|Any CPU.ActiveCfg = Debug|Any CPU
		{A9B89D27-A257-45FE-BD45-1C8C3165B0E2}.Debug|Any CPU.Build.0 = Debug|Any CPU
		{A9B89D27-A257-45FE-BD45-1C8C3165B0E2}.Release|Any CPU.ActiveCfg = Release|Any CPU
		{A9B89D27-A257-45FE-BD45-1C8C3165B0E2}.Release|Any CPU.Build.0 = Release|Any CPU
	EndGlobalSection
	GlobalSection(SolutionProperties) = preSolution
		HideSolutionNode = FALSE
	EndGlobalSection
	GlobalSection(ExtensibilityGlobals) = postSolution
		SolutionGuid = {730F5212-9D81-474C-9366-6C9204B87035}
	EndGlobalSection
EndGlobal
